{
  "name": "v3-core",
  "lockfileVersion": 3,
  "requires": true,
  "packages": {
    "": {
      "name": "v3-core",
      "dependencies": {
        "@uniswap/v3-core": "https://github.com/Uniswap/v3-core/tarball/master"
      }
    },
    "node_modules/@uniswap/v3-core": {
      "version": "1.0.1",
      "resolved": "https://github.com/Uniswap/v3-core/tarball/master",
      "integrity": "sha512-Tq5cGHEmySVEGmnMFvOvMR/AMFTBM8083O5eGu7fXYgMgRpgk8ysU3QSwq6dcCqjQbFpRFokQFmatINs8WXyhQ==",
      "license": "BUSL-1.1",
      "engines": {
        "node": ">=10"
      }
    }
  }
}
